PODS:
  - Flutter (1.0.0)
  - HMSSDK (0.2.2):
    - HMSWebRTC (= 1.0.4516)
  - hmssdk_flutter (0.5.0):
    - Flutter
    - HMSSDK
  - HMSWebRTC (1.0.4516)

DEPENDENCIES:
  - Flutter (from `Flutter`)
  - hmssdk_flutter (from `.symlinks/plugins/hmssdk_flutter/ios`)

SPEC REPOS:
  trunk:
    - HMSSDK
    - HMSWebRTC

EXTERNAL SOURCES:
  Flutter:
    :path: Flutter
  hmssdk_flutter:
    :path: ".symlinks/plugins/hmssdk_flutter/ios"

SPEC CHECKSUMS:
  Flutter: 50d75fe2f02b26cc09d224853bb45737f8b3214a
  HMSSDK: f9e4270d3a36dd4605915a9d33d8025bf066c59c
  hmssdk_flutter: 598d4d488960e4d3fec1d4e25ed4fb878941df50
  HMSWebRTC: 0dbcff2b03adf79ce6f1129e541af5dc342ed88f

PODFILE CHECKSUM: aafe91acc616949ddb318b77800a7f51bffa2a4c

COCOAPODS: 1.10.2
