PODS:
  - Flutter (1.0.0)
  - HMSSDK (0.2.4):
    - HMSWebRTC (= 1.0.4518)
  - hmssdk_flutter (0.5.0):
    - Flutter
    - HMSSDK
  - HMSWebRTC (1.0.4518)

DEPENDENCIES:
  - Flutter (from `Flutter`)
  - hmssdk_flutter (from `.symlinks/plugins/hmssdk_flutter/ios`)

SPEC REPOS:
  trunk:
    - HMSSDK
    - HMSWebRTC

EXTERNAL SOURCES:
  Flutter:
    :path: Flutter
  hmssdk_flutter:
    :path: ".symlinks/plugins/hmssdk_flutter/ios"

SPEC CHECKSUMS:
  Flutter: 50d75fe2f02b26cc09d224853bb45737f8b3214a
  HMSSDK: 22a147d4869cf371f66803bb72fa9158b5d33823
  hmssdk_flutter: 598d4d488960e4d3fec1d4e25ed4fb878941df50
  HMSWebRTC: 599fb1d886daecd6e58984f84224d708bce8b565

PODFILE CHECKSUM: aafe91acc616949ddb318b77800a7f51bffa2a4c

COCOAPODS: 1.11.2
